[[package]]
name = "black"
version = "22.12.0"
requires_python = ">=3.7"
summary = "The uncompromising code formatter."
dependencies = [
    "click>=8.0.0",
    "mypy-extensions>=0.4.3",
    "pathspec>=0.9.0",
    "platformdirs>=2",
    "tomli>=1.1.0; python_full_version < \"3.11.0a7\"",
    "typing-extensions>=3.10.0.0; python_version < \"3.10\"",
]

[[package]]
name = "click"
version = "8.1.3"
requires_python = ">=3.7"
summary = "Composable command line interface toolkit"
dependencies = [
    "colorama; platform_system == \"Windows\"",
]

[[package]]
name = "colorama"
version = "0.4.6"
requires_python = "!=3.0.*,!=3.1.*,!=3.2.*,!=3.3.*,!=3.4.*,!=3.5.*,!=3.6.*,>=2.7"
summary = "Cross-platform colored terminal text."

[[package]]
name = "croniter"
version = "1.3.8"
requires_python = ">=2.6, !=3.0.*, !=3.1.*, !=3.2.*, !=3.3.*"
summary = "croniter provides iteration for datetime object with cron like format"
dependencies = [
    "python-dateutil",
]

[[package]]
name = "graia-broadcast"
version = "0.19.1"
requires_python = ">=3.7,<4.0"
summary = "a highly customizable, elegantly designed event system based on asyncio"
dependencies = [
    "typing-extensions>=3.10.0; python_version < \"3.9\"",
]

[[package]]
name = "graia-saya"
version = "0.0.17"
requires_python = ">=3.7,<4.0"
summary = ""
dependencies = [
    "loguru<0.7,>=0.5.3",
]

[[package]]
name = "isort"
version = "5.11.4"
requires_python = ">=3.7.0"
summary = "A Python utility / library to sort Python imports."

[[package]]
name = "launart"
version = "0.6.1"
requires_python = ">=3.8"
summary = "Component lifetime manager for runtime."
dependencies = [
    "loguru>=0.6.0",
    "statv>=0.2.2",
]

[[package]]
name = "loguru"
version = "0.6.0"
requires_python = ">=3.5"
summary = "Python logging made (stupidly) simple"
dependencies = [
    "colorama>=0.3.4; sys_platform == \"win32\"",
    "win32-setctime>=1.0.0; sys_platform == \"win32\"",
]

[[package]]
name = "mypy-extensions"
version = "0.4.3"
summary = "Experimental type system extensions for programs checked with the mypy typechecker."

[[package]]
name = "pathspec"
version = "0.10.3"
requires_python = ">=3.7"
summary = "Utility library for gitignore style pattern matching of file paths."

[[package]]
name = "platformdirs"
version = "2.6.0"
requires_python = ">=3.7"
summary = "A small Python package for determining appropriate platform-specific dirs, e.g. a \"user data dir\"."

[[package]]
name = "python-dateutil"
version = "2.8.2"
requires_python = "!=3.0.*,!=3.1.*,!=3.2.*,>=2.7"
summary = "Extensions to the standard Python datetime module"
dependencies = [
    "six>=1.5",
]

[[package]]
name = "six"
version = "1.16.0"
requires_python = ">=2.7, !=3.0.*, !=3.1.*, !=3.2.*"
summary = "Python 2 and 3 compatibility utilities"

[[package]]
name = "statv"
version = "0.3.2"
requires_python = ">=3.8"
summary = "a uniform status implementation for graia project"

[[package]]
name = "tomli"
version = "2.0.1"
requires_python = ">=3.7"
summary = "A lil' TOML parser"

[[package]]
name = "typing-extensions"
version = "4.4.0"
requires_python = ">=3.7"
summary = "Backported and Experimental Type Hints for Python 3.7+"

[[package]]
name = "win32-setctime"
version = "1.1.0"
requires_python = ">=3.5"
summary = "A small Python utility to set file creation time on Windows"

[metadata]
lock_version = "4.1"
content_hash = "sha256:6d9c9a73feb08cc5efe06b8bae644cb29fa6995c5229b1f5c0cd476eab124435"

[metadata.files]
"black 22.12.0" = [
    {url = "https://files.pythonhosted.org/packages/0c/51/1f7f93c0555eaf4cbb628e26ba026e3256174a45bd9397ff1ea7cf96bad5/black-22.12.0-py3-none-any.whl", hash = "sha256:436cc9167dd28040ad90d3b404aec22cedf24a6e4d7de221bec2730ec0c97bcf"},
    {url = "https://files.pythonhosted.org/packages/4c/49/420dcfccba3215dc4e5790fa47572ef14129df1c5e95dd87b5ad30211b01/black-22.12.0-cp311-cp311-win_amd64.whl", hash = "sha256:7412e75863aa5c5411886804678b7d083c7c28421210180d67dfd8cf1221e1f4"},
    {url = "https://files.pythonhosted.org/packages/4c/dd/cdb4e62a58e229ee757110a9dfb914a44e9d41be8becb41e085cb5df5d5b/black-22.12.0-cp38-cp38-win_amd64.whl", hash = "sha256:82d9fe8fee3401e02e79767016b4907820a7dc28d70d137eb397b92ef3cc5bfc"},
    {url = "https://files.pythonhosted.org/packages/54/44/6d5f9af3c14da013754021e28eacc873e6ecbe877b2540e37346579398c8/black-22.12.0-cp38-cp38-manylinux_2_17_x86_64.manylinux2014_x86_64.whl", hash = "sha256:77d86c9f3db9b1bf6761244bc0b3572a546f5fe37917a044e02f3166d5aafa7d"},
    {url = "https://files.pythonhosted.org/packages/71/57/975782465cc6b514f2c972421e29b933dfbb51d4a95948a4e0e94f36ea38/black-22.12.0-cp310-cp310-win_amd64.whl", hash = "sha256:159a46a4947f73387b4d83e87ea006dbb2337eab6c879620a3ba52699b1f4351"},
    {url = "https://files.pythonhosted.org/packages/79/d9/60852a6fc2f85374db20a9767dacfe50c2172eb8388f46018c8daf836995/black-22.12.0-cp310-cp310-manylinux_2_17_x86_64.manylinux2014_x86_64.whl", hash = "sha256:9eedd20838bd5d75b80c9f5487dbcb06836a43833a37846cf1d8c1cc01cef59d"},
    {url = "https://files.pythonhosted.org/packages/a6/59/e873cc6807fb62c11131e5258ca15577a3b7452abad08dc49286cf8245e8/black-22.12.0.tar.gz", hash = "sha256:229351e5a18ca30f447bf724d007f890f97e13af070bb6ad4c0a441cd7596a2f"},
    {url = "https://files.pythonhosted.org/packages/ba/32/954bcc56b2b3b4ef52a086e3c0bdbad88a38c9e739feb19dd2e6294cda42/black-22.12.0-cp39-cp39-manylinux_2_17_x86_64.manylinux2014_x86_64.whl", hash = "sha256:101c69b23df9b44247bd88e1d7e90154336ac4992502d4197bdac35dd7ee3320"},
    {url = "https://files.pythonhosted.org/packages/e9/e0/6aa02d14785c4039b38bfed6f9ee28a952b2d101c64fc97b15811fa8bd04/black-22.12.0-cp311-cp311-manylinux_2_17_x86_64.manylinux2014_x86_64.whl", hash = "sha256:d30b212bffeb1e252b31dd269dfae69dd17e06d92b87ad26e23890f3efea366f"},
    {url = "https://files.pythonhosted.org/packages/eb/91/e0ccc36f8e1a00ed3c343741ca7ffe954e33cd2be0cada039845ff9e0539/black-22.12.0-cp37-cp37m-win_amd64.whl", hash = "sha256:1f58cbe16dfe8c12b7434e50ff889fa479072096d79f0a7f25e4ab8e94cd8350"},
    {url = "https://files.pythonhosted.org/packages/f1/b7/6de002378cfe0b83beba72f0a7875dfb6005b2a214ac9f9ca689583069ef/black-22.12.0-cp37-cp37m-manylinux_2_17_x86_64.manylinux2014_x86_64.whl", hash = "sha256:c116eed0efb9ff870ded8b62fe9f28dd61ef6e9ddd28d83d7d264a38417dcee2"},
    {url = "https://files.pythonhosted.org/packages/f2/b9/06fe2dd83a2104d83c2b737f41aa5679f5a4395630005443ba4fa6fece8b/black-22.12.0-cp39-cp39-win_amd64.whl", hash = "sha256:559c7a1ba9a006226f09e4916060982fd27334ae1998e7a38b3f33a37f7a2148"},
]
"click 8.1.3" = [
    {url = "https://files.pythonhosted.org/packages/59/87/84326af34517fca8c58418d148f2403df25303e02736832403587318e9e8/click-8.1.3.tar.gz", hash = "sha256:7682dc8afb30297001674575ea00d1814d808d6a36af415a82bd481d37ba7b8e"},
    {url = "https://files.pythonhosted.org/packages/c2/f1/df59e28c642d583f7dacffb1e0965d0e00b218e0186d7858ac5233dce840/click-8.1.3-py3-none-any.whl", hash = "sha256:bb4d8133cb15a609f44e8213d9b391b0809795062913b383c62be0ee95b1db48"},
]
"colorama 0.4.6" = [
    {url = "https://files.pythonhosted.org/packages/d1/d6/3965ed04c63042e047cb6a3e6ed1a63a35087b6a609aa3a15ed8ac56c221/colorama-0.4.6-py2.py3-none-any.whl", hash = "sha256:4f1d9991f5acc0ca119f9d443620b77f9d6b33703e51011c16baf57afb285fc6"},
    {url = "https://files.pythonhosted.org/packages/d8/53/6f443c9a4a8358a93a6792e2acffb9d9d5cb0a5cfd8802644b7b1c9a02e4/colorama-0.4.6.tar.gz", hash = "sha256:08695f5cb7ed6e0531a20572697297273c47b8cae5a63ffc6d6ed5c201be6e44"},
]
"croniter 1.3.8" = [
    {url = "https://files.pythonhosted.org/packages/0f/4d/0cc5a7f4bdcefecebdf8a95c8372606c13d3355e8536d9cd3e7070e94269/croniter-1.3.8-py2.py3-none-any.whl", hash = "sha256:d6ed8386d5f4bbb29419dc1b65c4909c04a2322bd15ec0dc5b2877bfa1b75c7a"},
    {url = "https://files.pythonhosted.org/packages/16/f3/aa1201a8ec1a9d6eddf13de28f38c21700338b1d0663d0ebaabd5df34f7a/croniter-1.3.8.tar.gz", hash = "sha256:32a5ec04e97ec0837bcdf013767abd2e71cceeefd3c2e14c804098ce51ad6cd9"},
]
"graia-broadcast 0.19.1" = [
    {url = "https://files.pythonhosted.org/packages/2d/74/479522bf0643121b6bd967ee26410faa0129b35ef3339e0d9a513dfc3057/graia_broadcast-0.19.1-py3-none-any.whl", hash = "sha256:94ba3a53b3dda292e95f6be2ae964d975e34d5f6fb973df31016bd34089e2c47"},
    {url = "https://files.pythonhosted.org/packages/3c/a0/6baa89337a9fde73e5a0715d32cad8bb37925e30e42fcae71d6046deb1e6/graia-broadcast-0.19.1.tar.gz", hash = "sha256:bd0d3b9891e6ff3b86948d94fbac52ff187056389556aecc0251c261a7806ba0"},
]
"graia-saya 0.0.17" = [
    {url = "https://files.pythonhosted.org/packages/99/c5/6f1c66f487d2bb798ba6171edfb333fc53b8868fbc415c2afc9eaa0c3def/graia_saya-0.0.17.tar.gz", hash = "sha256:3d093b9a63733483b57ae677e9e70dfd2b7a12931ca554625cdaf04a34e4f3b2"},
    {url = "https://files.pythonhosted.org/packages/d6/13/1584c130ba77f499ba138bb86f3d1630a1f5505dcdca313b7f636151c527/graia_saya-0.0.17-py3-none-any.whl", hash = "sha256:d286edd2cc5955c588bb515bdaeadda5fbbf6a60341e0db79772a3181b393e8a"},
]
"isort 5.11.4" = [
    {url = "https://files.pythonhosted.org/packages/76/46/004e2dd6c312e8bb7cb40a6c01b770956e0ef137857e82d47bd9c829356b/isort-5.11.4.tar.gz", hash = "sha256:6db30c5ded9815d813932c04c2f85a360bcdd35fed496f4d8f35495ef0a261b6"},
    {url = "https://files.pythonhosted.org/packages/91/3b/a63bafb8141b67c397841b36ad46e7469716af2b2d00cb0be2dfb9667130/isort-5.11.4-py3-none-any.whl", hash = "sha256:c033fd0edb91000a7f09527fe5c75321878f98322a77ddcc81adbd83724afb7b"},
]
"launart 0.6.1" = [
    {url = "https://files.pythonhosted.org/packages/14/47/33a21e34b66f36b51a02bb550f039b6278fa84fcf2fb5e53cf1a98218a68/launart-0.6.1.tar.gz", hash = "sha256:630d5582c3f5e7b68df0b2bde46f5bdfef69557fdade2af8414172e4c862dd15"},
    {url = "https://files.pythonhosted.org/packages/88/87/639dd473934384dff27b95508accab7dd302d63f4eaf1f48822176294e40/launart-0.6.1-py3-none-any.whl", hash = "sha256:515ccadb1aa2c0ff5647bad10bd4dab53913edbe63eb0f550a80bbe723b31658"},
]
"loguru 0.6.0" = [
    {url = "https://files.pythonhosted.org/packages/75/1f/d3818863e4be96bd641c4643c535a98f0fa2a12efa7c8ba35f763fa778ee/loguru-0.6.0.tar.gz", hash = "sha256:066bd06758d0a513e9836fd9c6b5a75bfb3fd36841f4b996bc60b547a309d41c"},
    {url = "https://files.pythonhosted.org/packages/fe/21/e1d1da2586865a159fc73b611f36bdd50b6c4043cb6132d3d5e972988028/loguru-0.6.0-py3-none-any.whl", hash = "sha256:4e2414d534a2ab57573365b3e6d0234dfb1d84b68b7f3b948e6fb743860a77c3"},
]
"mypy-extensions 0.4.3" = [
    {url = "https://files.pythonhosted.org/packages/5c/eb/975c7c080f3223a5cdaff09612f3a5221e4ba534f7039db34c35d95fa6a5/mypy_extensions-0.4.3-py2.py3-none-any.whl", hash = "sha256:090fedd75945a69ae91ce1303b5824f428daf5a028d2f6ab8a299250a846f15d"},
    {url = "https://files.pythonhosted.org/packages/63/60/0582ce2eaced55f65a4406fc97beba256de4b7a95a0034c6576458c6519f/mypy_extensions-0.4.3.tar.gz", hash = "sha256:2d82818f5bb3e369420cb3c4060a7970edba416647068eb4c5343488a6c604a8"},
]
"pathspec 0.10.3" = [
    {url = "https://files.pythonhosted.org/packages/32/1a/6baf904503c3e943cae9605c9c88a43b964dea5b59785cf956091b341b08/pathspec-0.10.3.tar.gz", hash = "sha256:56200de4077d9d0791465aa9095a01d421861e405b5096955051deefd697d6f6"},
    {url = "https://files.pythonhosted.org/packages/3c/29/c07c3a976dbe37c56e381e058c11e8738cb3a0416fc842a310461f8bb695/pathspec-0.10.3-py3-none-any.whl", hash = "sha256:3c95343af8b756205e2aba76e843ba9520a24dd84f68c22b9f93251507509dd6"},
]
"platformdirs 2.6.0" = [
    {url = "https://files.pythonhosted.org/packages/87/69/cd019a9473bcdfb38983e2d550ccb239264fc4c2fc32c42ac1b1cc2506b6/platformdirs-2.6.0-py3-none-any.whl", hash = "sha256:1a89a12377800c81983db6be069ec068eee989748799b946cce2a6e80dcc54ca"},
    {url = "https://files.pythonhosted.org/packages/ec/4c/9af851448e55c57b30a13a72580306e628c3b431d97fdae9e0b8d4fa3685/platformdirs-2.6.0.tar.gz", hash = "sha256:b46ffafa316e6b83b47489d240ce17173f123a9b9c83282141c3daf26ad9ac2e"},
]
"python-dateutil 2.8.2" = [
    {url = "https://files.pythonhosted.org/packages/36/7a/87837f39d0296e723bb9b62bbb257d0355c7f6128853c78955f57342a56d/python_dateutil-2.8.2-py2.py3-none-any.whl", hash = "sha256:961d03dc3453ebbc59dbdea9e4e11c5651520a876d0f4db161e8674aae935da9"},
    {url = "https://files.pythonhosted.org/packages/4c/c4/13b4776ea2d76c115c1d1b84579f3764ee6d57204f6be27119f13a61d0a9/python-dateutil-2.8.2.tar.gz", hash = "sha256:0123cacc1627ae19ddf3c27a5de5bd67ee4586fbdd6440d9748f8abb483d3e86"},
]
"six 1.16.0" = [
    {url = "https://files.pythonhosted.org/packages/71/39/171f1c67cd00715f190ba0b100d606d440a28c93c7714febeca8b79af85e/six-1.16.0.tar.gz", hash = "sha256:1e61c37477a1626458e36f7b1d82aa5c9b094fa4802892072e49de9c60c4c926"},
    {url = "https://files.pythonhosted.org/packages/d9/5a/e7c31adbe875f2abbb91bd84cf2dc52d792b5a01506781dbcf25c91daf11/six-1.16.0-py2.py3-none-any.whl", hash = "sha256:8abb2f1d86890a2dfb989f9a77cfcfd3e47c2a354b01111771326f8aa26e0254"},
]
"statv 0.3.2" = [
    {url = "https://files.pythonhosted.org/packages/17/94/90af52fbb882f7d5a86f75b8f151fabb3540a01b592d5c12646b55712266/statv-0.3.2-py3-none-any.whl", hash = "sha256:32e430b21ab6a62695c67ab6cae3dba6e01e9c3fdbc9344e3236ad7a1f51d0c7"},
    {url = "https://files.pythonhosted.org/packages/eb/34/55f3fde006d8d6c1f8d2422856360a9fde6a3f81dcd79f9203cfeac5b9dc/statv-0.3.2.tar.gz", hash = "sha256:fb4df2a37bf7a792e36a6e657c74cbdef9e2cdb8de3a0762b28b35c9e13f0fdd"},
]
"tomli 2.0.1" = [
    {url = "https://files.pythonhosted.org/packages/97/75/10a9ebee3fd790d20926a90a2547f0bf78f371b2f13aa822c759680ca7b9/tomli-2.0.1-py3-none-any.whl", hash = "sha256:939de3e7a6161af0c887ef91b7d41a53e7c5a1ca976325f429cb46ea9bc30ecc"},
    {url = "https://files.pythonhosted.org/packages/c0/3f/d7af728f075fb08564c5949a9c95e44352e23dee646869fa104a3b2060a3/tomli-2.0.1.tar.gz", hash = "sha256:de526c12914f0c550d15924c62d72abc48d6fe7364aa87328337a31007fe8a4f"},
]
"typing-extensions 4.4.0" = [
    {url = "https://files.pythonhosted.org/packages/0b/8e/f1a0a5a76cfef77e1eb6004cb49e5f8d72634da638420b9ea492ce8305e8/typing_extensions-4.4.0-py3-none-any.whl", hash = "sha256:16fa4864408f655d35ec496218b85f79b3437c829e93320c7c9215ccfd92489e"},
    {url = "https://files.pythonhosted.org/packages/e3/a7/8f4e456ef0adac43f452efc2d0e4b242ab831297f1bac60ac815d37eb9cf/typing_extensions-4.4.0.tar.gz", hash = "sha256:1511434bb92bf8dd198c12b1cc812e800d4181cfcb867674e0f8279cc93087aa"},
]
"win32-setctime 1.1.0" = [
    {url = "https://files.pythonhosted.org/packages/0a/e6/a7d828fef907843b2a5773ebff47fb79ac0c1c88d60c0ca9530ee941e248/win32_setctime-1.1.0-py3-none-any.whl", hash = "sha256:231db239e959c2fe7eb1d7dc129f11172354f98361c4fa2d6d2d7e278baa8aad"},
    {url = "https://files.pythonhosted.org/packages/6b/dd/f95a13d2b235a28d613ba23ebad55191514550debb968b46aab99f2e3a30/win32_setctime-1.1.0.tar.gz", hash = "sha256:15cf5750465118d6929ae4de4eb46e8edae9a5634350c01ba582df868e932cb2"},
]
