[[package]]
name = "black"
version = "22.10.0"
requires_python = ">=3.7"
summary = "The uncompromising code formatter."
dependencies = [
    "click>=8.0.0",
    "mypy-extensions>=0.4.3",
    "pathspec>=0.9.0",
    "platformdirs>=2",
    "tomli>=1.1.0; python_full_version < \"3.11.0a7\"",
    "typed-ast>=1.4.2; python_version < \"3.8\" and implementation_name == \"cpython\"",
    "typing-extensions>=3.10.0.0; python_version < \"3.10\"",
]

[[package]]
name = "click"
version = "8.1.3"
requires_python = ">=3.7"
summary = "Composable command line interface toolkit"
dependencies = [
    "colorama; platform_system == \"Windows\"",
    "importlib-metadata; python_version < \"3.8\"",
]

[[package]]
name = "colorama"
version = "0.4.5"
requires_python = ">=2.7, !=3.0.*, !=3.1.*, !=3.2.*, !=3.3.*, !=3.4.*"
summary = "Cross-platform colored terminal text."

[[package]]
name = "croniter"
version = "1.3.7"
requires_python = ">=2.6, !=3.0.*, !=3.1.*, !=3.2.*, !=3.3.*"
summary = "croniter provides iteration for datetime object with cron like format"
dependencies = [
    "python-dateutil",
]

[[package]]
name = "graia-broadcast"
version = "0.19.0"
requires_python = ">=3.7,<4.0"
summary = "a highly customizable, elegantly designed event system based on asyncio"
dependencies = [
    "typing-extensions>=3.10.0; python_version < \"3.9\"",
]

[[package]]
name = "graia-saya"
version = "0.0.16"
requires_python = ">=3.7,<4.0"
summary = ""
dependencies = [
    "graia-broadcast>=0.12.1",
    "loguru<0.7,>=0.5.3",
]

[[package]]
name = "importlib-metadata"
version = "5.0.0"
requires_python = ">=3.7"
summary = "Read metadata from Python packages"
dependencies = [
    "typing-extensions>=3.6.4; python_version < \"3.8\"",
    "zipp>=0.5",
]

[[package]]
name = "isort"
version = "5.10.1"
requires_python = ">=3.6.1,<4.0"
summary = "A Python utility / library to sort Python imports."

[[package]]
name = "loguru"
version = "0.6.0"
requires_python = ">=3.5"
summary = "Python logging made (stupidly) simple"
dependencies = [
    "colorama>=0.3.4; sys_platform == \"win32\"",
    "win32-setctime>=1.0.0; sys_platform == \"win32\"",
]

[[package]]
name = "mypy-extensions"
version = "0.4.3"
summary = "Experimental type system extensions for programs checked with the mypy typechecker."

[[package]]
name = "pathspec"
version = "0.10.1"
requires_python = ">=3.7"
summary = "Utility library for gitignore style pattern matching of file paths."

[[package]]
name = "platformdirs"
version = "2.5.2"
requires_python = ">=3.7"
summary = "A small Python module for determining appropriate platform-specific dirs, e.g. a \"user data dir\"."

[[package]]
name = "python-dateutil"
version = "2.8.2"
requires_python = "!=3.0.*,!=3.1.*,!=3.2.*,>=2.7"
summary = "Extensions to the standard Python datetime module"
dependencies = [
    "six>=1.5",
]

[[package]]
name = "six"
version = "1.16.0"
requires_python = ">=2.7, !=3.0.*, !=3.1.*, !=3.2.*"
summary = "Python 2 and 3 compatibility utilities"

[[package]]
name = "tomli"
version = "2.0.1"
requires_python = ">=3.7"
summary = "A lil' TOML parser"

[[package]]
name = "typed-ast"
version = "1.5.4"
requires_python = ">=3.6"
summary = "a fork of Python 2 and 3 ast modules with type comment support"

[[package]]
name = "typing-extensions"
version = "4.4.0"
requires_python = ">=3.7"
summary = "Backported and Experimental Type Hints for Python 3.7+"

[[package]]
name = "win32-setctime"
version = "1.1.0"
requires_python = ">=3.5"
summary = "A small Python utility to set file creation time on Windows"

[[package]]
name = "zipp"
version = "3.10.0"
requires_python = ">=3.7"
summary = "Backport of pathlib-compatible object wrapper for zip files"

[metadata]
lock_version = "4.0"
content_hash = "sha256:72150db16b3619f91c3a2dba5dd1670c8b88785e1ba23a2359974f796d253fc7"

[metadata.files]
"black 22.10.0" = [
    {url = "https://pypi.tuna.tsinghua.edu.cn/packages/2c/11/f2737cd3b458d91401801e83a014e87c63e8904dc063200f77826c352f54/black-22.10.0-cp310-cp310-macosx_11_0_arm64.whl", hash = "sha256:2039230db3c6c639bd84efe3292ec7b06e9214a2992cd9beb293d639c6402edb"},
    {url = "https://pypi.tuna.tsinghua.edu.cn/packages/3d/c5/b3ab9b563f35fb284d37ab2b14acaed9a27d8cdea9c31364766eb54946a7/black-22.10.0-cp37-cp37m-win_amd64.whl", hash = "sha256:9311e99228ae10023300ecac05be5a296f60d2fd10fff31cf5c1fa4ca4b1988d"},
    {url = "https://pypi.tuna.tsinghua.edu.cn/packages/56/df/913d71817c7034edba25d596c54f782c2f809b6af30367d2f00309e8890a/black-22.10.0-cp311-cp311-win_amd64.whl", hash = "sha256:21199526696b8f09c3997e2b4db8d0b108d801a348414264d2eb8eb2532e540d"},
    {url = "https://pypi.tuna.tsinghua.edu.cn/packages/69/21/846c95710cc6561ba980bd6c72479dbcdde742e927ff5ef7340916d003ac/black-22.10.0-1fixedarch-cp38-cp38-macosx_10_16_x86_64.whl", hash = "sha256:2644b5d63633702bc2c5f3754b1b475378fbbfb481f62319388235d0cd104c2d"},
    {url = "https://pypi.tuna.tsinghua.edu.cn/packages/69/84/903cdf41514088d5a716538cb189c471ab34e56ae9a1c2da6b8bfe8e4dbf/black-22.10.0-cp39-cp39-macosx_11_0_arm64.whl", hash = "sha256:974308c58d057a651d182208a484ce80a26dac0caef2895836a92dd6ebd725e0"},
    {url = "https://pypi.tuna.tsinghua.edu.cn/packages/71/f8/57e47ea67f59613c4368a952062bc3429131249920cffbb8362fd404b733/black-22.10.0-cp38-cp38-macosx_11_0_arm64.whl", hash = "sha256:fba8a281e570adafb79f7755ac8721b6cf1bbf691186a287e990c7929c7692ff"},
    {url = "https://pypi.tuna.tsinghua.edu.cn/packages/86/da/edebcc6c13441d91eff6761e50512bc6d6886a556dc5357b399694122b4f/black-22.10.0-1fixedarch-cp37-cp37m-macosx_10_16_x86_64.whl", hash = "sha256:197df8509263b0b8614e1df1756b1dd41be6738eed2ba9e9769f3880c2b9d7b6"},
    {url = "https://pypi.tuna.tsinghua.edu.cn/packages/91/e6/d9b78987d7d903369ba1a0b795bce4de06f0155be6609f15e8950aef8f7e/black-22.10.0-cp38-cp38-win_amd64.whl", hash = "sha256:444ebfb4e441254e87bad00c661fe32df9969b2bf224373a448d8aca2132b395"},
    {url = "https://pypi.tuna.tsinghua.edu.cn/packages/a3/89/629fca2eea0899c06befaa58dc0f49d56807d454202bb2e54bd0d98c77f3/black-22.10.0.tar.gz", hash = "sha256:f513588da599943e0cde4e32cc9879e825d58720d6557062d1098c5ad80080e1"},
    {url = "https://pypi.tuna.tsinghua.edu.cn/packages/a5/5f/9cfc6dd95965f8df30194472543e6f0515a10d78ea5378426ef1546735c7/black-22.10.0-cp310-cp310-manylinux_2_17_x86_64.manylinux2014_x86_64.whl", hash = "sha256:14ff67aec0a47c424bc99b71005202045dc09270da44a27848d534600ac64fc7"},
    {url = "https://pypi.tuna.tsinghua.edu.cn/packages/a6/84/5c3f3ffc4143fa7e208d745d2239d915e74d3709fdbc64c3e98d3fd27e56/black-22.10.0-1fixedarch-cp311-cp311-macosx_11_0_x86_64.whl", hash = "sha256:5d8f74030e67087b219b032aa33a919fae8806d49c867846bfacde57f43972ef"},
    {url = "https://pypi.tuna.tsinghua.edu.cn/packages/ab/15/61119d166a44699827c112d7c4726421f14323c2cb7aa9f4c26628f237f9/black-22.10.0-cp39-cp39-win_amd64.whl", hash = "sha256:432247333090c8c5366e69627ccb363bc58514ae3e63f7fc75c54b1ea80fa7de"},
    {url = "https://pypi.tuna.tsinghua.edu.cn/packages/ae/49/ea03c318a25be359b8e5178a359d47e2da8f7524e1522c74b8f74c66b6f8/black-22.10.0-1fixedarch-cp310-cp310-macosx_11_0_x86_64.whl", hash = "sha256:5cc42ca67989e9c3cf859e84c2bf014f6633db63d1cbdf8fdb666dcd9e77e3fa"},
    {url = "https://pypi.tuna.tsinghua.edu.cn/packages/b0/9e/fa912c5ae4b8eb6d36982fc8ac2d779cf944dbd7c3c1fe7a28acf462c1ed/black-22.10.0-cp311-cp311-manylinux_2_17_x86_64.manylinux2014_x86_64.whl", hash = "sha256:b8b49776299fece66bffaafe357d929ca9451450f5466e997a7285ab0fe28e3b"},
    {url = "https://pypi.tuna.tsinghua.edu.cn/packages/b9/51/403b0b0eb9fb412ca02b79dc38472469f2f88c9aacc6bb5262143e4ff0bc/black-22.10.0-cp39-cp39-manylinux_2_17_x86_64.manylinux2014_x86_64.whl", hash = "sha256:72ef3925f30e12a184889aac03d77d031056860ccae8a1e519f6cbb742736383"},
    {url = "https://pypi.tuna.tsinghua.edu.cn/packages/ce/6f/74492b8852ee4f2ad2178178f6b65bc8fc80ad539abe56c1c23eab6732e2/black-22.10.0-py3-none-any.whl", hash = "sha256:c957b2b4ea88587b46cf49d1dc17681c1e672864fd7af32fc1e9664d572b3458"},
    {url = "https://pypi.tuna.tsinghua.edu.cn/packages/d0/5a/5f31494e3acbb6319ee60c3a3a09d3e536a3fd2353f76af9cbff799c4999/black-22.10.0-cp38-cp38-manylinux_2_17_x86_64.manylinux2014_x86_64.whl", hash = "sha256:915ace4ff03fdfff953962fa672d44be269deb2eaf88499a0f8805221bc68c87"},
    {url = "https://pypi.tuna.tsinghua.edu.cn/packages/e2/2f/a8406a9e337a213802aa90a3e9fbf90c86f3edce92f527255fd381309b77/black-22.10.0-cp311-cp311-macosx_11_0_arm64.whl", hash = "sha256:5b9b29da4f564ba8787c119f37d174f2b69cdfdf9015b7d8c5c16121ddc054ae"},
    {url = "https://pypi.tuna.tsinghua.edu.cn/packages/e3/b4/9203f1a0c99aa30389b61fa8cb54bc9f4bf16ac3aa74630c6b974ed3f3b0/black-22.10.0-cp37-cp37m-manylinux_2_17_x86_64.manylinux2014_x86_64.whl", hash = "sha256:1e464456d24e23d11fced2bc8c47ef66d471f845c7b7a42f3bd77bf3d1789650"},
    {url = "https://pypi.tuna.tsinghua.edu.cn/packages/f2/23/f4278377cabf882298b4766e977fd04377f288d1ccef706953076a1e0598/black-22.10.0-1fixedarch-cp39-cp39-macosx_11_0_x86_64.whl", hash = "sha256:e41a86c6c650bcecc6633ee3180d80a025db041a8e2398dcc059b3afa8382cd4"},
    {url = "https://pypi.tuna.tsinghua.edu.cn/packages/ff/ce/22281871536b3d79474fd44d48dad48f7cbc5c3982bddf6a7495e7079d00/black-22.10.0-cp310-cp310-win_amd64.whl", hash = "sha256:819dc789f4498ecc91438a7de64427c73b45035e2e3680c92e18795a839ebb66"},
]
"click 8.1.3" = [
    {url = "https://pypi.tuna.tsinghua.edu.cn/packages/59/87/84326af34517fca8c58418d148f2403df25303e02736832403587318e9e8/click-8.1.3.tar.gz", hash = "sha256:7682dc8afb30297001674575ea00d1814d808d6a36af415a82bd481d37ba7b8e"},
    {url = "https://pypi.tuna.tsinghua.edu.cn/packages/c2/f1/df59e28c642d583f7dacffb1e0965d0e00b218e0186d7858ac5233dce840/click-8.1.3-py3-none-any.whl", hash = "sha256:bb4d8133cb15a609f44e8213d9b391b0809795062913b383c62be0ee95b1db48"},
]
"colorama 0.4.5" = [
    {url = "https://pypi.tuna.tsinghua.edu.cn/packages/2b/65/24d033a9325ce42ccbfa3ca2d0866c7e89cc68e5b9d92ecaba9feef631df/colorama-0.4.5.tar.gz", hash = "sha256:e6c6b4334fc50988a639d9b98aa429a0b57da6e17b9a44f0451f930b6967b7a4"},
    {url = "https://pypi.tuna.tsinghua.edu.cn/packages/77/8b/7550e87b2d308a1b711725dfaddc19c695f8c5fa413c640b2be01662f4e6/colorama-0.4.5-py2.py3-none-any.whl", hash = "sha256:854bf444933e37f5824ae7bfc1e98d5bce2ebe4160d46b5edf346a89358e99da"},
]
"croniter 1.3.7" = [
    {url = "https://pypi.tuna.tsinghua.edu.cn/packages/80/12/4cf1fa220d521702db5b4e3a06603cac89ecd233ad69b050aa98f08e52ce/croniter-1.3.7-py2.py3-none-any.whl", hash = "sha256:12369c67e231c8ce5f98958d76ea6e8cb5b157fda4da7429d245a931e4ed411e"},
    {url = "https://pypi.tuna.tsinghua.edu.cn/packages/bc/75/71b7d4b9b364570f8a307bcfd79c89941e929ea803dcf5d0e355725f5316/croniter-1.3.7.tar.gz", hash = "sha256:72ef78d0f8337eb35393b8893ebfbfbeb340f2d2ae47e0d2d78130e34b0dd8b9"},
]
"graia-broadcast 0.19.0" = [
    {url = "https://pypi.tuna.tsinghua.edu.cn/packages/18/88/c87afe3d5f6cfa0a8befc8491a5e4a648966325421fbaa0a355ac61704d2/graia_broadcast-0.19.0-py3-none-any.whl", hash = "sha256:16a6cb0eaa7e405f243d5380a7e9acdf563000e2b8158dc3bc5c2b984d1b4411"},
    {url = "https://pypi.tuna.tsinghua.edu.cn/packages/46/19/749976aada206042fa677242d034f7b0951ba75a7351601393a9f8cf5d09/graia-broadcast-0.19.0.tar.gz", hash = "sha256:bd12fda9a4ae0251ed875aca5ad70cc15ec8184248e7ab4dd6fdfd8b4dd1aa7a"},
]
"graia-saya 0.0.16" = [
    {url = "https://pypi.tuna.tsinghua.edu.cn/packages/0d/e9/795f3a6dedc0498b5b92cdd207198a1fde6e7a26b8c1f579db881c70b5d7/graia-saya-0.0.16.tar.gz", hash = "sha256:4150d288a6a852b3d275715ded5e1de9031b4aa63ed98b5ba4232e1a0908ea11"},
    {url = "https://pypi.tuna.tsinghua.edu.cn/packages/e9/5b/01846c42d0862ad97d21dfa57108e5bc0c67e580e8ba41ef6e48beda6252/graia_saya-0.0.16-py3-none-any.whl", hash = "sha256:21748a48a5d55d58d946cb8d4339360c2774caea21139f8952799e61819638e4"},
]
"importlib-metadata 5.0.0" = [
    {url = "https://pypi.tuna.tsinghua.edu.cn/packages/7e/ec/97f2ce958b62961fddd7258e0ceede844953606ad09b672fa03b86c453d3/importlib_metadata-5.0.0.tar.gz", hash = "sha256:da31db32b304314d044d3c12c79bd59e307889b287ad12ff387b3500835fc2ab"},
    {url = "https://pypi.tuna.tsinghua.edu.cn/packages/b5/64/ef29a63cf08f047bb7fb22ab0f1f774b87eed0bb46d067a5a524798a4af8/importlib_metadata-5.0.0-py3-none-any.whl", hash = "sha256:ddb0e35065e8938f867ed4928d0ae5bf2a53b7773871bfe6bcc7e4fcdc7dea43"},
]
"isort 5.10.1" = [
    {url = "https://pypi.tuna.tsinghua.edu.cn/packages/ab/e9/964cb0b2eedd80c92f5172f1f8ae0443781a9d461c1372a3ce5762489593/isort-5.10.1.tar.gz", hash = "sha256:e8443a5e7a020e9d7f97f1d7d9cd17c88bcb3bc7e218bf9cf5095fe550be2951"},
    {url = "https://pypi.tuna.tsinghua.edu.cn/packages/b8/5b/f18e227df38b94b4ee30d2502fd531bebac23946a2497e5595067a561274/isort-5.10.1-py3-none-any.whl", hash = "sha256:6f62d78e2f89b4500b080fe3a81690850cd254227f27f75c3a0c491a1f351ba7"},
]
"loguru 0.6.0" = [
    {url = "https://pypi.tuna.tsinghua.edu.cn/packages/75/1f/d3818863e4be96bd641c4643c535a98f0fa2a12efa7c8ba35f763fa778ee/loguru-0.6.0.tar.gz", hash = "sha256:066bd06758d0a513e9836fd9c6b5a75bfb3fd36841f4b996bc60b547a309d41c"},
    {url = "https://pypi.tuna.tsinghua.edu.cn/packages/fe/21/e1d1da2586865a159fc73b611f36bdd50b6c4043cb6132d3d5e972988028/loguru-0.6.0-py3-none-any.whl", hash = "sha256:4e2414d534a2ab57573365b3e6d0234dfb1d84b68b7f3b948e6fb743860a77c3"},
]
"mypy-extensions 0.4.3" = [
    {url = "https://pypi.tuna.tsinghua.edu.cn/packages/5c/eb/975c7c080f3223a5cdaff09612f3a5221e4ba534f7039db34c35d95fa6a5/mypy_extensions-0.4.3-py2.py3-none-any.whl", hash = "sha256:090fedd75945a69ae91ce1303b5824f428daf5a028d2f6ab8a299250a846f15d"},
    {url = "https://pypi.tuna.tsinghua.edu.cn/packages/63/60/0582ce2eaced55f65a4406fc97beba256de4b7a95a0034c6576458c6519f/mypy_extensions-0.4.3.tar.gz", hash = "sha256:2d82818f5bb3e369420cb3c4060a7970edba416647068eb4c5343488a6c604a8"},
]
"pathspec 0.10.1" = [
    {url = "https://pypi.tuna.tsinghua.edu.cn/packages/24/9f/a9ae1e6efa11992dba2c4727d94602bd2f6ee5f0dedc29ee2d5d572c20f7/pathspec-0.10.1.tar.gz", hash = "sha256:7ace6161b621d31e7902eb6b5ae148d12cfd23f4a249b9ffb6b9fee12084323d"},
    {url = "https://pypi.tuna.tsinghua.edu.cn/packages/63/82/2179fdc39bc1bb43296f638ae1dfe2581ec2617b4e87c28b0d23d44b997f/pathspec-0.10.1-py3-none-any.whl", hash = "sha256:46846318467efc4556ccfd27816e004270a9eeeeb4d062ce5e6fc7a87c573f93"},
]
"platformdirs 2.5.2" = [
    {url = "https://pypi.tuna.tsinghua.edu.cn/packages/ed/22/967181c94c3a4063fe64e15331b4cb366bdd7dfbf46fcb8ad89650026fec/platformdirs-2.5.2-py3-none-any.whl", hash = "sha256:027d8e83a2d7de06bbac4e5ef7e023c02b863d7ea5d079477e722bb41ab25788"},
    {url = "https://pypi.tuna.tsinghua.edu.cn/packages/ff/7b/3613df51e6afbf2306fc2465671c03390229b55e3ef3ab9dd3f846a53be6/platformdirs-2.5.2.tar.gz", hash = "sha256:58c8abb07dcb441e6ee4b11d8df0ac856038f944ab98b7be6b27b2a3c7feef19"},
]
"python-dateutil 2.8.2" = [
    {url = "https://pypi.tuna.tsinghua.edu.cn/packages/36/7a/87837f39d0296e723bb9b62bbb257d0355c7f6128853c78955f57342a56d/python_dateutil-2.8.2-py2.py3-none-any.whl", hash = "sha256:961d03dc3453ebbc59dbdea9e4e11c5651520a876d0f4db161e8674aae935da9"},
    {url = "https://pypi.tuna.tsinghua.edu.cn/packages/4c/c4/13b4776ea2d76c115c1d1b84579f3764ee6d57204f6be27119f13a61d0a9/python-dateutil-2.8.2.tar.gz", hash = "sha256:0123cacc1627ae19ddf3c27a5de5bd67ee4586fbdd6440d9748f8abb483d3e86"},
]
"six 1.16.0" = [
    {url = "https://pypi.tuna.tsinghua.edu.cn/packages/71/39/171f1c67cd00715f190ba0b100d606d440a28c93c7714febeca8b79af85e/six-1.16.0.tar.gz", hash = "sha256:1e61c37477a1626458e36f7b1d82aa5c9b094fa4802892072e49de9c60c4c926"},
    {url = "https://pypi.tuna.tsinghua.edu.cn/packages/d9/5a/e7c31adbe875f2abbb91bd84cf2dc52d792b5a01506781dbcf25c91daf11/six-1.16.0-py2.py3-none-any.whl", hash = "sha256:8abb2f1d86890a2dfb989f9a77cfcfd3e47c2a354b01111771326f8aa26e0254"},
]
"tomli 2.0.1" = [
    {url = "https://pypi.tuna.tsinghua.edu.cn/packages/97/75/10a9ebee3fd790d20926a90a2547f0bf78f371b2f13aa822c759680ca7b9/tomli-2.0.1-py3-none-any.whl", hash = "sha256:939de3e7a6161af0c887ef91b7d41a53e7c5a1ca976325f429cb46ea9bc30ecc"},
    {url = "https://pypi.tuna.tsinghua.edu.cn/packages/c0/3f/d7af728f075fb08564c5949a9c95e44352e23dee646869fa104a3b2060a3/tomli-2.0.1.tar.gz", hash = "sha256:de526c12914f0c550d15924c62d72abc48d6fe7364aa87328337a31007fe8a4f"},
]
"typed-ast 1.5.4" = [
    {url = "https://pypi.tuna.tsinghua.edu.cn/packages/04/93/482d12fd3334b53ec4087e658ab161ab23affcf8b052166b4cf972ca673b/typed_ast-1.5.4-cp37-cp37m-manylinux_2_5_x86_64.manylinux1_x86_64.manylinux_2_12_x86_64.manylinux2010_x86_64.whl", hash = "sha256:6778e1b2f81dfc7bc58e4b259363b83d2e509a65198e85d5700dfae4c6c8ff1c"},
    {url = "https://pypi.tuna.tsinghua.edu.cn/packages/07/d2/d55702e8deba2c80282fea0df53130790d8f398648be589750954c2dcce4/typed_ast-1.5.4.tar.gz", hash = "sha256:39e21ceb7388e4bb37f4c679d72707ed46c2fbf2a5609b8b8ebc4b067d977df2"},
    {url = "https://pypi.tuna.tsinghua.edu.cn/packages/0b/e7/8ec06fc870254889198f933a595f139b7871b24bab1116d6128440731ea9/typed_ast-1.5.4-cp39-cp39-macosx_11_0_arm64.whl", hash = "sha256:3e123d878ba170397916557d31c8f589951e353cc95fb7f24f6bb69adc1a8a97"},
    {url = "https://pypi.tuna.tsinghua.edu.cn/packages/0f/59/430b86961d63278fcbced5ba72655ee93aa35e8e908bad4ff138480eb25d/typed_ast-1.5.4-cp310-cp310-macosx_10_9_x86_64.whl", hash = "sha256:669dd0c4167f6f2cd9f57041e03c3c2ebf9063d0757dc89f79ba1daa2bfca9d4"},
    {url = "https://pypi.tuna.tsinghua.edu.cn/packages/1a/f6/dd891624aaf98b918d7012b9d01753d0192c4eb18cf33ce616c0e08f62ba/typed_ast-1.5.4-cp37-cp37m-win_amd64.whl", hash = "sha256:0261195c2062caf107831e92a76764c81227dae162c4f75192c0d489faf751a2"},
    {url = "https://pypi.tuna.tsinghua.edu.cn/packages/2f/87/25abe9558ed6cbd83ad5bfdccf7210a7eefaaf0232f86de99f65992e91fd/typed_ast-1.5.4-cp38-cp38-macosx_11_0_arm64.whl", hash = "sha256:7d5d014b7daa8b0bf2eaef684295acae12b036d79f54178b92a2b6a56f92278f"},
    {url = "https://pypi.tuna.tsinghua.edu.cn/packages/2f/d5/02059fe6ca70b11bb831007962323160372ca83843e0bf296e8b6d833198/typed_ast-1.5.4-cp39-cp39-manylinux_2_17_aarch64.manylinux2014_aarch64.whl", hash = "sha256:ebd9d7f80ccf7a82ac5f88c521115cc55d84e35bf8b446fcd7836eb6b98929a3"},
    {url = "https://pypi.tuna.tsinghua.edu.cn/packages/34/2d/17fc1845dd5210345904b054c9fa90f451d64df56de0470f429bc8d63d39/typed_ast-1.5.4-cp37-cp37m-macosx_10_9_x86_64.whl", hash = "sha256:cf4afcfac006ece570e32d6fa90ab74a17245b83dfd6655a6f68568098345ff6"},
    {url = "https://pypi.tuna.tsinghua.edu.cn/packages/38/54/48f7d5b1f954f3a4d8f76e1a11c8497ae899b900cd5a67f826fa3937f701/typed_ast-1.5.4-cp36-cp36m-manylinux_2_17_aarch64.manylinux2014_aarch64.whl", hash = "sha256:a94d55d142c9265f4ea46fab70977a1944ecae359ae867397757d836ea5a3f47"},
    {url = "https://pypi.tuna.tsinghua.edu.cn/packages/40/1a/5731a1a3908f60032aead10c2ffc9af12ee708bc9a156ed14a5065a9873a/typed_ast-1.5.4-cp38-cp38-manylinux_2_5_x86_64.manylinux1_x86_64.manylinux_2_12_x86_64.manylinux2010_x86_64.whl", hash = "sha256:4e964b4ff86550a7a7d56345c7864b18f403f5bd7380edf44a3c1fb4ee7ac6c6"},
    {url = "https://pypi.tuna.tsinghua.edu.cn/packages/48/6c/d96a545d337589dc5d7ecc0f8991122800ffec8dc10a24090619883b515e/typed_ast-1.5.4-cp310-cp310-macosx_11_0_arm64.whl", hash = "sha256:211260621ab1cd7324e0798d6be953d00b74e0428382991adfddb352252f1d62"},
    {url = "https://pypi.tuna.tsinghua.edu.cn/packages/4e/c1/cddc664ed3dd7d6bb62c80286c4e088b10556efc9a8db2049b425f8f23f7/typed_ast-1.5.4-cp36-cp36m-macosx_10_9_x86_64.whl", hash = "sha256:79b1e0869db7c830ba6a981d58711c88b6677506e648496b1f64ac7d15633aec"},
    {url = "https://pypi.tuna.tsinghua.edu.cn/packages/5c/e3/f539e658614ebf5a521c8ba7cbbb98afc5f5e90ddb0332ea22c164612dad/typed_ast-1.5.4-cp38-cp38-win_amd64.whl", hash = "sha256:683407d92dc953c8a7347119596f0b0e6c55eb98ebebd9b23437501b28dcbb8e"},
    {url = "https://pypi.tuna.tsinghua.edu.cn/packages/70/2c/6d18e111d2c5422bb9e561bbf36885e430407859b2adef9b3fb575f189d5/typed_ast-1.5.4-cp36-cp36m-win_amd64.whl", hash = "sha256:639c5f0b21776605dd6c9dbe592d5228f021404dafd377e2b7ac046b0349b1a1"},
    {url = "https://pypi.tuna.tsinghua.edu.cn/packages/78/18/3ecf5043f227ebd4a43af57e18e6a38f9fe0b81dbfbb8d62eec669d7b69e/typed_ast-1.5.4-cp38-cp38-manylinux_2_17_aarch64.manylinux2014_aarch64.whl", hash = "sha256:370788a63915e82fd6f212865a596a0fefcbb7d408bbbb13dea723d971ed8bdc"},
    {url = "https://pypi.tuna.tsinghua.edu.cn/packages/96/35/612258bab9e1867b28e3137910df35576b7b0fbb9b6f3013cc23435a79ed/typed_ast-1.5.4-cp310-cp310-manylinux_2_17_aarch64.manylinux2014_aarch64.whl", hash = "sha256:267e3f78697a6c00c689c03db4876dd1efdfea2f251a5ad6555e82a26847b4ac"},
    {url = "https://pypi.tuna.tsinghua.edu.cn/packages/9b/d5/5540eb496c6817eaee8120fb759c7adb36f91ef647c6bb2877f09acc0569/typed_ast-1.5.4-cp38-cp38-macosx_10_9_x86_64.whl", hash = "sha256:2efae9db7a8c05ad5547d522e7dbe62c83d838d3906a3716d1478b6c1d61388d"},
    {url = "https://pypi.tuna.tsinghua.edu.cn/packages/c4/90/dacf9226b34961277f357c17c33b7cae3f05a5f5b8a1d23bd630d7a97a36/typed_ast-1.5.4-cp310-cp310-manylinux_2_5_x86_64.manylinux1_x86_64.manylinux_2_12_x86_64.manylinux2010_x86_64.whl", hash = "sha256:c542eeda69212fa10a7ada75e668876fdec5f856cd3d06829e6aa64ad17c8dfe"},
    {url = "https://pypi.tuna.tsinghua.edu.cn/packages/ca/da/fbc14befbf19d69d05b4b8b019edbc6554d958037a821c6d5585767fe0ff/typed_ast-1.5.4-cp39-cp39-win_amd64.whl", hash = "sha256:0fdbcf2fef0ca421a3f5912555804296f0b0960f0418c440f5d6d3abb549f3e1"},
    {url = "https://pypi.tuna.tsinghua.edu.cn/packages/cd/f3/188eede730be3f6ddb9a788cd6b7289207c5fceebbf8ae190f9716dd8c05/typed_ast-1.5.4-cp310-cp310-win_amd64.whl", hash = "sha256:a9916d2bb8865f973824fb47436fa45e1ebf2efd920f2b9f99342cb7fab93f72"},
    {url = "https://pypi.tuna.tsinghua.edu.cn/packages/d8/4e/db9505b53c44d7bc324a3d2e09bdf82b0943d6e08b183ae382860f482a87/typed_ast-1.5.4-cp39-cp39-manylinux_2_5_x86_64.manylinux1_x86_64.manylinux_2_12_x86_64.manylinux2010_x86_64.whl", hash = "sha256:98f80dee3c03455e92796b58b98ff6ca0b2a6f652120c263efdba4d6c5e58f72"},
    {url = "https://pypi.tuna.tsinghua.edu.cn/packages/dd/87/09764c19a60a192b935579c93a07e781f6a52def10b723c8c5748e69a863/typed_ast-1.5.4-cp37-cp37m-manylinux_2_17_aarch64.manylinux2014_aarch64.whl", hash = "sha256:ed855bbe3eb3715fca349c80174cfcfd699c2f9de574d40527b8429acae23a66"},
    {url = "https://pypi.tuna.tsinghua.edu.cn/packages/e3/7c/7407838e9c540031439f2948bce2763cdd6882ebb72cc0a25b763c10529e/typed_ast-1.5.4-cp36-cp36m-manylinux_2_5_x86_64.manylinux1_x86_64.manylinux_2_12_x86_64.manylinux2010_x86_64.whl", hash = "sha256:183afdf0ec5b1b211724dfef3d2cad2d767cbefac291f24d69b00546c1837fb6"},
    {url = "https://pypi.tuna.tsinghua.edu.cn/packages/f9/57/89ac0020d5ffc762487376d0c78e5d02af795657f18c411155b73de3c765/typed_ast-1.5.4-cp39-cp39-macosx_10_9_x86_64.whl", hash = "sha256:4879da6c9b73443f97e731b617184a596ac1235fe91f98d279a7af36c796da35"},
]
"typing-extensions 4.4.0" = [
    {url = "https://pypi.tuna.tsinghua.edu.cn/packages/0b/8e/f1a0a5a76cfef77e1eb6004cb49e5f8d72634da638420b9ea492ce8305e8/typing_extensions-4.4.0-py3-none-any.whl", hash = "sha256:16fa4864408f655d35ec496218b85f79b3437c829e93320c7c9215ccfd92489e"},
    {url = "https://pypi.tuna.tsinghua.edu.cn/packages/e3/a7/8f4e456ef0adac43f452efc2d0e4b242ab831297f1bac60ac815d37eb9cf/typing_extensions-4.4.0.tar.gz", hash = "sha256:1511434bb92bf8dd198c12b1cc812e800d4181cfcb867674e0f8279cc93087aa"},
]
"win32-setctime 1.1.0" = [
    {url = "https://pypi.tuna.tsinghua.edu.cn/packages/0a/e6/a7d828fef907843b2a5773ebff47fb79ac0c1c88d60c0ca9530ee941e248/win32_setctime-1.1.0-py3-none-any.whl", hash = "sha256:231db239e959c2fe7eb1d7dc129f11172354f98361c4fa2d6d2d7e278baa8aad"},
    {url = "https://pypi.tuna.tsinghua.edu.cn/packages/6b/dd/f95a13d2b235a28d613ba23ebad55191514550debb968b46aab99f2e3a30/win32_setctime-1.1.0.tar.gz", hash = "sha256:15cf5750465118d6929ae4de4eb46e8edae9a5634350c01ba582df868e932cb2"},
]
"zipp 3.10.0" = [
    {url = "https://pypi.tuna.tsinghua.edu.cn/packages/40/8a/d63273ed0fa4a3d06f77e7b043f6577d8894e95515b0c187c52e2c0efabb/zipp-3.10.0-py3-none-any.whl", hash = "sha256:4fcb6f278987a6605757302a6e40e896257570d11c51628968ccb2a47e80c6c1"},
    {url = "https://pypi.tuna.tsinghua.edu.cn/packages/8d/d7/1bd1e0a5bc95a27a6f5c4ee8066ddfc5b69a9ec8d39ab11a41a804ec8f0d/zipp-3.10.0.tar.gz", hash = "sha256:7a7262fd930bd3e36c50b9a64897aec3fafff3dfdeec9623ae22b40e93f99bb8"},
]
